
Microsoft Visual Studio Solution File, Format Version 12.00
# Visual Studio 15
VisualStudioVersion = 15.0.28307.1340
MinimumVisualStudioVersion = 10.0.40219.1
Project("{FAE04EC0-301F-11D3-BF4B-00C04F79EFBC}") = "MyPaint", "MyPaint\MyPaint.csproj", "{141EE7BA-FF62-4873-8C87-9B7499681784}"
EndProject
Global
	GlobalSection(SolutionConfigurationPlatforms) = preSolution
		Debug|Any CPU = Debug|Any CPU
		Release|Any CPU = Release|Any CPU
	EndGlobalSection
	GlobalSection(ProjectConfigurationPlatforms) = postSolution
		{141EE7BA-FF62-4873-8C87-9B7499681784}.Debug|Any CPU.ActiveCfg = Debug|Any CPU
		{141EE7BA-FF62-4873-8C87-9B7499681784}.Debug|Any CPU.Build.0 = Debug|Any CPU
		{141EE7BA-FF62-4873-8C87-9B7499681784}.Release|Any CPU.ActiveCfg = Release|Any CPU
		{141EE7BA-FF62-4873-8C87-9B7499681784}.Release|Any CPU.Build.0 = Release|Any CPU
	EndGlobalSection
	GlobalSection(SolutionProperties) = preSolution
		HideSolutionNode = FALSE
	EndGlobalSection
	GlobalSection(ExtensibilityGlobals) = postSolution
		SolutionGuid = {90DDF604-6435-42DC-A7C1-B590936279F9}
	EndGlobalSection
EndGlobal
